
Microsoft Visual Studio Solution File, Format Version 12.00
# Visual Studio Version 17
VisualStudioVersion = 17.12.35527.113 d17.12
MinimumVisualStudioVersion = 10.0.40219.1
Project("{FAE04EC0-301F-11D3-BF4B-00C04F79EFBC}") = "HastaneKayitFormu", "HastaneKayitFormu\HastaneKayitFormu.csproj", "{AB25A8AA-18FC-46B4-874F-CE5C0D6CDFEB}"
EndProject
Global
	GlobalSection(SolutionConfigurationPlatforms) = preSolution
		Debug|Any CPU = Debug|Any CPU
		Release|Any CPU = Release|Any CPU
	EndGlobalSection
	GlobalSection(ProjectConfigurationPlatforms) = postSolution
		{AB25A8AA-18FC-46B4-874F-CE5C0D6CDFEB}.Debug|Any CPU.ActiveCfg = Debug|Any CPU
		{AB25A8AA-18FC-46B4-874F-CE5C0D6CDFEB}.Debug|Any CPU.Build.0 = Debug|Any CPU
		{AB25A8AA-18FC-46B4-874F-CE5C0D6CDFEB}.Release|Any CPU.ActiveCfg = Release|Any CPU
		{AB25A8AA-18FC-46B4-874F-CE5C0D6CDFEB}.Release|Any CPU.Build.0 = Release|Any CPU
	EndGlobalSection
	GlobalSection(SolutionProperties) = preSolution
		HideSolutionNode = FALSE
	EndGlobalSection
EndGlobal
